
Microsoft Visual Studio Solution File, Format Version 12.00
# Visual Studio Version 17
VisualStudioVersion = 17.1.32407.343
MinimumVisualStudioVersion = 10.0.40219.1
Project("{FAE04EC0-301F-11D3-BF4B-00C04F79EFBC}") = "Helpers", "Helpers\Helpers.csproj", "{899F5A07-4279-4A38-A48B-6635EF330431}"
EndProject
Project("{FAE04EC0-301F-11D3-BF4B-00C04F79EFBC}") = "API", "API\API.csproj", "{0B4E71FF-4D79-4823-93E1-B879B2CD8A23}"
EndProject
Project("{FAE04EC0-301F-11D3-BF4B-00C04F79EFBC}") = "Business", "Business\Business.csproj", "{1F93F301-140D-4396-8890-BA001ADB3F46}"
EndProject
Project("{FAE04EC0-301F-11D3-BF4B-00C04F79EFBC}") = "Data", "Data\Data.csproj", "{184E3463-146F-4A7A-BBDB-ABCD23D6D0F0}"
EndProject
Project("{FAE04EC0-301F-11D3-BF4B-00C04F79EFBC}") = "DTO", "DTO\DTO.csproj", "{DFEC8455-6316-45C3-9C89-6019A706628E}"
EndProject
Global
	GlobalSection(SolutionConfigurationPlatforms) = preSolution
		Debug|Any CPU = Debug|Any CPU
		Release|Any CPU = Release|Any CPU
	EndGlobalSection
	GlobalSection(ProjectConfigurationPlatforms) = postSolution
		{899F5A07-4279-4A38-A48B-6635EF330431}.Debug|Any CPU.ActiveCfg = Debug|Any CPU
		{899F5A07-4279-4A38-A48B-6635EF330431}.Debug|Any CPU.Build.0 = Debug|Any CPU
		{899F5A07-4279-4A38-A48B-6635EF330431}.Release|Any CPU.ActiveCfg = Release|Any CPU
		{899F5A07-4279-4A38-A48B-6635EF330431}.Release|Any CPU.Build.0 = Release|Any CPU
		{0B4E71FF-4D79-4823-93E1-B879B2CD8A23}.Debug|Any CPU.ActiveCfg = Debug|Any CPU
		{0B4E71FF-4D79-4823-93E1-B879B2CD8A23}.Debug|Any CPU.Build.0 = Debug|Any CPU
		{0B4E71FF-4D79-4823-93E1-B879B2CD8A23}.Release|Any CPU.ActiveCfg = Release|Any CPU
		{0B4E71FF-4D79-4823-93E1-B879B2CD8A23}.Release|Any CPU.Build.0 = Release|Any CPU
		{1F93F301-140D-4396-8890-BA001ADB3F46}.Debug|Any CPU.ActiveCfg = Debug|Any CPU
		{1F93F301-140D-4396-8890-BA001ADB3F46}.Debug|Any CPU.Build.0 = Debug|Any CPU
		{1F93F301-140D-4396-8890-BA001ADB3F46}.Release|Any CPU.ActiveCfg = Release|Any CPU
		{1F93F301-140D-4396-8890-BA001ADB3F46}.Release|Any CPU.Build.0 = Release|Any CPU
		{184E3463-146F-4A7A-BBDB-ABCD23D6D0F0}.Debug|Any CPU.ActiveCfg = Debug|Any CPU
		{184E3463-146F-4A7A-BBDB-ABCD23D6D0F0}.Debug|Any CPU.Build.0 = Debug|Any CPU
		{184E3463-146F-4A7A-BBDB-ABCD23D6D0F0}.Release|Any CPU.ActiveCfg = Release|Any CPU
		{184E3463-146F-4A7A-BBDB-ABCD23D6D0F0}.Release|Any CPU.Build.0 = Release|Any CPU
		{DFEC8455-6316-45C3-9C89-6019A706628E}.Debug|Any CPU.ActiveCfg = Debug|Any CPU
		{DFEC8455-6316-45C3-9C89-6019A706628E}.Debug|Any CPU.Build.0 = Debug|Any CPU
		{DFEC8455-6316-45C3-9C89-6019A706628E}.Release|Any CPU.ActiveCfg = Release|Any CPU
		{DFEC8455-6316-45C3-9C89-6019A706628E}.Release|Any CPU.Build.0 = Release|Any CPU
	EndGlobalSection
	GlobalSection(SolutionProperties) = preSolution
		HideSolutionNode = FALSE
	EndGlobalSection
	GlobalSection(ExtensibilityGlobals) = postSolution
		SolutionGuid = {5E8D276D-68C0-403F-A831-F47566A4814C}
	EndGlobalSection
EndGlobal
